Microsoft Visual Studio Solution File, Format Version 12.00
# 17
VisualStudioVersion = 17.11.35312.102
MinimumVisualStudioVersion = 10.0.40219.1
Project("{FAE04EC0-301F-11D3-BF4B-00C04F79EFBC}") = "EFC-LocalDB-MRE", "EFC-LocalDB-MRE.csproj", "{91A732A7-50CE-474F-85B6-C25249602231}"
EndProject
Project("{2150E333-8FDC-42A3-9474-1A3956D46DE8}") = "Projektmappenelemente", "Projektmappenelemente", "{55B2F838-44BD-4434-8A23-411AE13E1098}"
	ProjectSection(SolutionItems) = preProject
		.gitignore = .gitignore
		ReadMe.md = ReadMe.md
	EndProjectSection
EndProject
Global
	GlobalSection(SolutionConfigurationPlatforms) = preSolution
		Debug|Any CPU = Debug|Any CPU
		Release|Any CPU = Release|Any CPU
	EndGlobalSection
	GlobalSection(ProjectConfigurationPlatforms) = postSolution
		{91A732A7-50CE-474F-85B6-C25249602231}.Debug|Any CPU.ActiveCfg = Debug|Any CPU
		{91A732A7-50CE-474F-85B6-C25249602231}.Debug|Any CPU.Build.0 = Debug|Any CPU
		{91A732A7-50CE-474F-85B6-C25249602231}.Release|Any CPU.ActiveCfg = Release|Any CPU
		{91A732A7-50CE-474F-85B6-C25249602231}.Release|Any CPU.Build.0 = Release|Any CPU
	EndGlobalSection
	GlobalSection(SolutionProperties) = preSolution
		HideSolutionNode = FALSE
	EndGlobalSection
	GlobalSection(ExtensibilityGlobals) = postSolution
		SolutionGuid = {6DFD8EA8-816D-4AC5-A9BA-327E37187591}
	EndGlobalSection
EndGlobal
